
Microsoft Visual Studio Solution File, Format Version 12.00
# Visual Studio 15
VisualStudioVersion = 15.0.27130.2027
MinimumVisualStudioVersion = 10.0.40219.1
Project("{D954291E-2A0B-460D-934E-DC6B0785DB48}") = "Bubak.Model", "Bubak.Model\Bubak.Model.shproj", "{C2CD0CD9-1E59-4F72-922D-979B84275C88}"
EndProject
Global
	GlobalSection(SharedMSBuildProjectFiles) = preSolution
		Bubak.Model\Bubak.Model.projitems*{c2cd0cd9-1e59-4f72-922d-979b84275c88}*SharedItemsImports = 13
	EndGlobalSection
	GlobalSection(SolutionProperties) = preSolution
		HideSolutionNode = FALSE
	EndGlobalSection
	GlobalSection(ExtensibilityGlobals) = postSolution
		SolutionGuid = {5DCBBFE4-9C6C-4FED-9141-511AB6A27242}
	EndGlobalSection
EndGlobal
